{
  "version": "4",
  "redirects": {
    "https://esm.sh/@supabase/node-fetch@^2.6.14?target=denonext": "https://esm.sh/@supabase/node-fetch@2.6.15?target=denonext",
    "https://esm.sh/@supabase/supabase-js@2": "https://esm.sh/@supabase/supabase-js@2.48.1",
    "https://esm.sh/@types/ws@~8.5.13/index.d.mts": "https://esm.sh/@types/ws@8.5.14/index.d.mts",
    "https://esm.sh/bufferutil@^4.0.1?target=denonext": "https://esm.sh/bufferutil@4.0.9?target=denonext",
    "https://esm.sh/node-gyp-build@^4.3.0?target=denonext": "https://esm.sh/node-gyp-build@4.8.4?target=denonext",
    "https://esm.sh/tr46@~0.0.3?target=denonext": "https://esm.sh/tr46@0.0.3?target=denonext",
    "https://esm.sh/utf-8-validate@%3E=5.0.2?target=denonext": "https://esm.sh/utf-8-validate@6.0.5?target=denonext",
    "https://esm.sh/webidl-conversions@^3.0.0?target=denonext": "https://esm.sh/webidl-conversions@3.0.1?target=denonext",
    "https://esm.sh/whatwg-url@^5.0.0?target=denonext": "https://esm.sh/whatwg-url@5.0.0?target=denonext",
    "https://esm.sh/ws@^8.18.0?target=denonext": "https://esm.sh/ws@8.18.0?target=denonext"
  },
  "remote": {
    "https://deno.land/std@0.181.0/async/abortable.ts": "fd682fa46f3b7b16b4606a5ab52a7ce309434b76f820d3221bdfb862719a15d7",
    "https://deno.land/std@0.181.0/async/deadline.ts": "c5facb0b404eede83e38bd2717ea8ab34faa2ffb20ef87fd261fcba32ba307aa",
    "https://deno.land/std@0.181.0/async/debounce.ts": "adab11d04ca38d699444ac8a9d9856b4155e8dda2afd07ce78276c01ea5a4332",
    "https://deno.land/std@0.181.0/async/deferred.ts": "42790112f36a75a57db4a96d33974a936deb7b04d25c6084a9fa8a49f135def8",
    "https://deno.land/std@0.181.0/async/delay.ts": "73aa04cec034c84fc748c7be49bb15cac3dd43a57174bfdb7a4aec22c248f0dd",
    "https://deno.land/std@0.181.0/async/mod.ts": "f04344fa21738e5ad6bea37a6bfffd57c617c2d372bb9f9dcfd118a1b622e576",
    "https://deno.land/std@0.181.0/async/mux_async_iterator.ts": "70c7f2ee4e9466161350473ad61cac0b9f115cff4c552eaa7ef9d50c4cbb4cc9",
    "https://deno.land/std@0.181.0/async/pool.ts": "fd082bd4aaf26445909889435a5c74334c017847842ec035739b4ae637ae8260",
    "https://deno.land/std@0.181.0/async/retry.ts": "dd19d93033d8eaddbfcb7654c0366e9d3b0a21448bdb06eba4a7d8a8cf936a92",
    "https://deno.land/std@0.181.0/async/tee.ts": "47e42d35f622650b02234d43803d0383a89eb4387e1b83b5a40106d18ae36757",
    "https://deno.land/std@0.181.0/fmt/colors.ts": "d67e3cd9f472535241a8e410d33423980bec45047e343577554d3356e1f0ef4e",
    "https://deno.land/std@0.181.0/http/server.ts": "cbb17b594651215ba95c01a395700684e569c165a567e4e04bba327f41197433",
    "https://deno.land/std@0.181.0/testing/_diff.ts": "1a3c044aedf77647d6cac86b798c6417603361b66b54c53331b312caeb447aea",
    "https://deno.land/std@0.181.0/testing/_format.ts": "a69126e8a469009adf4cf2a50af889aca364c349797e63174884a52ff75cf4c7",
    "https://deno.land/std@0.181.0/testing/asserts.ts": "e16d98b4d73ffc4ed498d717307a12500ae4f2cbe668f1a215632d19fcffc22f",
    "https://esm.sh/@supabase/auth-js@2.67.3/denonext/auth-js.mjs": "95cad9d3f1829294d4f277191e4b937ca297a63054f14deccf3ac1dfcd9bd1ad",
    "https://esm.sh/@supabase/functions-js@2.4.4/denonext/functions-js.mjs": "7adeb257410ef3c4a8a1eb9b4ff416c0075d1c32860ca04913c8a9dace1de6a6",
    "https://esm.sh/@supabase/node-fetch@2.6.15/denonext/node-fetch.mjs": "0bae9052231f4f6dbccc7234d05ea96923dbf967be12f402764580b6bf9f713d",
    "https://esm.sh/@supabase/node-fetch@2.6.15?target=denonext": "4d28c4ad97328403184353f68434f2b6973971507919e9150297413664919cf3",
    "https://esm.sh/@supabase/postgrest-js@1.18.1/denonext/postgrest-js.mjs": "a67bfa3dc67f82d574539665c5122685e59708018397ca4f4cb261332b3363fa",
    "https://esm.sh/@supabase/realtime-js@2.11.2/denonext/realtime-js.mjs": "c33ac375b6be89c893f9df844d2525a4ace015a35aa6ba236270d00c6605c7ba",
    "https://esm.sh/@supabase/storage-js@2.7.1/denonext/storage-js.mjs": "73ac8cdc95cfcd794fe603dbd7ce06d539ab51538ae6467eabe0f9cc26c993aa",
    "https://esm.sh/@supabase/supabase-js@2.48.1": "b9a3a846ddbe85569795a9a2055336f1353c6eea2f5ca05bd6a6c14284dfe20a",
    "https://esm.sh/@supabase/supabase-js@2.48.1/denonext/supabase-js.mjs": "795eac029fa2c7a60930c2c5a840acf35f782142be3541c7e797d20daf2ea7d7",
    "https://esm.sh/bufferutil@4.0.9/denonext/bufferutil.mjs": "13dca4d5bb2c68cbe119f880fa3bd785b9a81a8e02e0834dae604b4b85295cd8",
    "https://esm.sh/bufferutil@4.0.9?target=denonext": "e32574569ab438facfcc3f412c659b0719bbf05477136ca176938c9a3ac45125",
    "https://esm.sh/node-gyp-build@4.8.4/denonext/node-gyp-build.mjs": "9a86f2d044fc77bd60aaa3d697c2ba1b818da5fb1b9aaeedec59a40b8e908803",
    "https://esm.sh/node-gyp-build@4.8.4?target=denonext": "261a6cedf1fdbf159798141ba1e2311ac1510682c5c8b55dacc8cf5fdee4aa06",
    "https://esm.sh/tr46@0.0.3/denonext/tr46.mjs": "5753ec0a99414f4055f0c1f97691100f13d88e48a8443b00aebb90a512785fa2",
    "https://esm.sh/tr46@0.0.3?target=denonext": "19cb9be0f0d418a0c3abb81f2df31f080e9540a04e43b0f699bce1149cba0cbb",
    "https://esm.sh/utf-8-validate@6.0.5/denonext/utf-8-validate.mjs": "66b8ea532a0c745068f5b96ddb1bae332c3036703243541d2e89e66331974d98",
    "https://esm.sh/utf-8-validate@6.0.5?target=denonext": "071bc33ba1a58297e23a34d69dd589fd06df04b0f373b382ff5da544a623f271",
    "https://esm.sh/webidl-conversions@3.0.1/denonext/webidl-conversions.mjs": "54b5c2d50a294853c4ccebf9d5ed8988c94f4e24e463d84ec859a866ea5fafec",
    "https://esm.sh/webidl-conversions@3.0.1?target=denonext": "4e20318d50528084616c79d7b3f6e7f0fe7b6d09013bd01b3974d7448d767e29",
    "https://esm.sh/whatwg-url@5.0.0/denonext/whatwg-url.mjs": "29b16d74ee72624c915745bbd25b617cfd2248c6af0f5120d131e232a9a9af79",
    "https://esm.sh/whatwg-url@5.0.0?target=denonext": "f001a2cadf81312d214ca330033f474e74d81a003e21e8c5d70a1f46dc97b02d",
    "https://esm.sh/ws@8.18.0/denonext/ws.mjs": "8dc628278869d8802a2740beaa6f122b2e159d05d85746cdd647a3d3ffdd3e19",
    "https://esm.sh/ws@8.18.0?target=denonext": "6c20bf923e7287b70e706eb731195e073f7693a9c89d050aceb7cc51804865d4"
  },
  "workspace": {
    "packageJson": {
      "dependencies": [
        "npm:@supabase/supabase-js@^2.48.1",
        "npm:supabase@^2.12.1"
      ]
    }
  }
}
